<?xml version="1.0" encoding="UTF-8" standalone="yes" ?>
<CodeBlocks_project_file>
	<FileVersion major="1" minor="6" />
	<Project>
		<Option title="tpfinalTMPL" />
		<Option pch_mode="2" />
		<Option compiler="gcc" />
		<Build>
			<Target title="default">
				<Option output="tpfinalTMPL" prefix_auto="1" extension_auto="1" />
				<Option type="1" />
				<Option compiler="gcc" />
			</Target>
		</Build>
		<Compiler>
			<Add directory='&quot;C:/Program Files (x86)/PostgreSQL/9.2/include&quot;' />
		</Compiler>
		<Linker>
			<Add option='&quot;../../../../Program Files (x86)/PostgreSQL/9.2/lib/libpq.lib&quot;' />
		</Linker>
		<Unit filename="config/config.c">
			<Option compilerVar="CC" />
		</Unit>
		<Unit filename="config/config.h">
			<Option compilerVar="CC" />
		</Unit>
		<Unit filename="includes/includelib.h">
			<Option compilerVar="CC" />
		</Unit>
		<Unit filename="includes/includes.h">
			<Option compilerVar="CC" />
		</Unit>
		<Unit filename="lib/orm/orm.c">
			<Option compilerVar="CC" />
		</Unit>
		<Unit filename="lib/orm/orm.h">
			<Option compilerVar="CC" />
		</Unit>
		<Unit filename="lib/orm/query.c">
			<Option compilerVar="CC" />
		</Unit>
		<Unit filename="lib/orm/query.h">
			<Option compilerVar="CC" />
		</Unit>
		<Unit filename="lib/utils/utils.c">
			<Option compilerVar="CC" />
		</Unit>
		<Unit filename="lib/utils/utils.h">
			<Option compilerVar="CC" />
		</Unit>
		<Unit filename="main.c">
			<Option compilerVar="CC" />
		</Unit>
		<Unit filename="src/actividad/actividad.c">
			<Option compilerVar="CC" />
		</Unit>
		<Unit filename="src/actividad/actividad.h">
			<Option compilerVar="CC" />
		</Unit>
		<Unit filename="src/actividad_socio/actividad_socio.c">
			<Option compilerVar="CC" />
		</Unit>
		<Unit filename="src/actividad_socio/actividad_socio.h">
			<Option compilerVar="CC" />
		</Unit>
		<Unit filename="src/cuotas/cuotas.c">
			<Option compilerVar="CC" />
		</Unit>
		<Unit filename="src/cuotas/cuotas.h">
			<Option compilerVar="CC" />
		</Unit>
		<Unit filename="src/horarios/horarios.c">
			<Option compilerVar="CC" />
		</Unit>
		<Unit filename="src/horarios/horarios.h">
			<Option compilerVar="CC" />
		</Unit>
		<Unit filename="src/importe_actividad/importe_actividad.c">
			<Option compilerVar="CC" />
		</Unit>
		<Unit filename="src/importe_actividad/importe_actividad.h">
			<Option compilerVar="CC" />
		</Unit>
		<Unit filename="src/localidad/localidad.c">
			<Option compilerVar="CC" />
		</Unit>
		<Unit filename="src/localidad/localidad.h">
			<Option compilerVar="CC" />
		</Unit>
		<Unit filename="src/profesor/profesor.c">
			<Option compilerVar="CC" />
		</Unit>
		<Unit filename="src/profesor/profesor.h">
			<Option compilerVar="CC" />
		</Unit>
		<Unit filename="src/socio/socio.c">
			<Option compilerVar="CC" />
		</Unit>
		<Unit filename="src/socio/socio.h">
			<Option compilerVar="CC" />
		</Unit>
		<Unit filename="src/tipo_actividad/tipo_actividad.c">
			<Option compilerVar="CC" />
		</Unit>
		<Unit filename="src/tipo_actividad/tipo_actividad.h">
			<Option compilerVar="CC" />
		</Unit>
		<Extensions>
			<lib_finder disable_auto="1" />
		</Extensions>
	</Project>
</CodeBlocks_project_file>
